schema: '2.0'
stages:
  train:
    cmd: python train.py --params params.yaml
    deps:
    - path: data/coco128
      md5: 1b2f4bc507be09df0f44f4550460154d.dir
      size: 22318116
      nfiles: 264
    - path: train.py
      md5: 2186ae1065a0c3c00a93aa3c9c8b5616
      size: 31137
    params:
      params.yaml:
        train:
          weights: ''
          cfg: models/yolov5s.yaml
          data: data/coco128.yaml
          hyp: data/hyp.scratch.yaml
          epochs: 1
          batch_size: 16
          img_size:
          - 32
          - 32
          rect: false
          resume: false
          nosave: false
          notest: false
          noautoanchor: false
          evolve: false
          bucket: ''
          cache_images: false
          image_weights: false
          device: ''
          multi_scale: false
          single_cls: false
          adam: false
          sync_bn: false
          local_rank: -1
          workers: 8
          project: runs/train
          entity:
          name: exp
          exist_ok: false
          quad: false
          linear_lr: false
          label_smoothing: 0.0
          upload_dataset: false
          bbox_interval: -1
          save_period: -1
          artifact_alias: latest
    outs:
    - path: runs/train/confusion_matrix.png
      md5: ea7c12b2de4bf17646ce868e65c7b33c
      size: 450345
    - path: runs/train/hyp.yaml
      md5: 3afabb397cf52e37a10987f329e97b96
      size: 356
    - path: runs/train/labels.jpg
      md5: d61cfe7575c61823439c4dc25d92d65a
      size: 457560
    - path: runs/train/labels_correlogram.jpg
      md5: 0b0eb198177da2345b8a26c86176caea
      size: 349727
    - path: runs/train/metrics
      md5: 706481270745898e8da49400d64832a0.dir
      size: 792
      nfiles: 13
    - path: runs/train/results.png
      md5: e8e3979ae61a708df98e2dc087dd140e
      size: 163231
    - path: runs/train/results.txt
      md5: 08d8d23f39460e590ebec4ed10253f28
      size: 151
    - path: runs/train/train_batch0.jpg
      md5: 1d4ceaef436a10a0c9a4583ea90bc30e
      size: 8456
    - path: runs/train/weights/best.pt
      md5: 4bb49b1e0601838afd5feda147b43787
      size: 14758415
    - path: runs/train/weights/last.pt
      md5: 20e84aa6d6dbe6b60977f3ac5f2f63ff
      size: 14758415
  test:
    cmd: python test.py --params params.yaml
    deps:
    - path: runs/train/weights/best.pt
      md5: 4bb49b1e0601838afd5feda147b43787
      size: 14758415
    - path: test.py
      md5: fc4fb4c668772ba830ee436b736c9c13
      size: 15535
    params:
      params.yaml:
        test:
          weights: runs/train/weights/best.pt
          data: data/coco128.yaml
          batch_size: 32
          img_size: 32
          conf_thres: 0.001
          iou_thres: 0.6
          task: val
          device: ''
          single_cls: false
          augment: false
          verbose: false
          save_txt: false
          save_hybrid: false
          save_conf: false
          save_json: false
          project: runs/test
          exist_ok: false
    outs:
    - path: runs/test/confusion_matrix.png
      md5: ea7c12b2de4bf17646ce868e65c7b33c
      size: 450345
    - path: runs/test/test_batch0_labels.jpg
      md5: 17878420b387326007f6bfd37c515a7f
      size: 20857
    - path: runs/test/test_batch0_pred.jpg
      md5: a80eb50cd4b9aacf617493a869c8dde3
      size: 17672
  hubconf:
    cmd: python hubconf.py
    deps:
    - path: hubconf.py
      md5: b5c23686a385743956842a3e6a4e7755
      size: 5638
    outs:
    - path: runs/hub/bus.jpg
      md5: 2f590610fb637a416f949b148e7e8142
      size: 216448
    - path: runs/hub/image2.jpg
      md5: 6fb35cfbf8d832ce8299084fad4f9486
      size: 215878
    - path: runs/hub/image4.jpg
      md5: dbe0ce003e22ceb4b36c7c0199cdfd8e
      size: 3827
    - path: runs/hub/zidane.jpg
      md5: 9fe85a9f15900b2e1af0c9572bcf11a7
      size: 99681
  detect:
    cmd: python detect.py --params params.yaml
    deps:
    - path: detect.py
      md5: 6111f0e211d01a61b33b1b37672e7ced
      size: 7511
    - path: runs/train/weights/best.pt
      md5: 4bb49b1e0601838afd5feda147b43787
      size: 14758415
    params:
      params.yaml:
        detect:
          weights: runs/train/weights/best.pt
          source: data/images
          img_size: 32
          conf_thres: 0.25
          iou_thres: 0.45
          max_det: 1000
          device: ''
          view_img: false
          save_txt: false
          save_conf: false
          save_crop: false
          nosave: false
          classes:
          agnostic_nms: false
          augment: false
          update: false
          project: runs/detect
          exist_ok: false
          line_thickness: 3
          hide_labels: false
          hide_conf: false
    outs:
    - path: runs/detect/bus.jpg
      md5: d496f707c2364cac0e9e6ab9ed97676d
      size: 477571
    - path: runs/detect/zidane.jpg
      md5: ca2fc87bf7d23b97b3e4868ecb8ee3b0
      size: 228954
  export:
    cmd: python models/export.py --params params.yaml
    deps:
    - path: models/export.py
      md5: f514996563aa532c036c8f66b3d2adfd
      size: 6777
    - path: runs/train/weights/best.pt
      md5: 4bb49b1e0601838afd5feda147b43787
      size: 14758415
    params:
      params.yaml:
        export:
          weights: runs/train/weights/best.pt
          img_size:
          - 32
          - 32
          batch_size: 1
          device: ''
          include:
          - torchscript
          - onnx
          - coreml
          half: false
          inplace: false
          train: false
          optimize: false
          dynamic: false
          simplify: false
          opset_version: 12
          project: runs/export
    outs:
    - path: runs/export
      md5: 5b6826f1fcb45823ad2b0cec729fd329.dir
      size: 58460085
      nfiles: 2
  download:
    cmd: bash data/scripts/get_coco128.sh
    params:
      params.yaml:
        download:
          dataset: coco128
    outs:
    - path: data/coco128
      md5: d9c6c94f003f3af98414a74e9dd6ce3b.dir
      size: 22274101
      nfiles: 263
