schema: '2.0'
stages:
  train:
    cmd: python train.py --data ./data/coco.yaml --cfg ./models/yolov5s.yaml --weights
      "" --batch-size 1 --epochs 2
    deps:
    - path: train.py
      md5: 4638480d639f53062fc0d63a673c2ddd
      size: 34163
    outs:
    - path: runs/train/confusion_matrix.png
    - path: runs/train/hyp.yaml
      md5: 3afabb397cf52e37a10987f329e97b96
      size: 356
    - path: runs/train/labels_correlogram.jpg
      md5: 258ad7b635c56fdfc058ee34a47d1618
      size: 235120
    - path: runs/train/labesl.jpg
    - path: runs/train/results.png
      md5: b66dcd570faaa60546e1100daae742f6
      size: 135523
    - path: runs/train/results.txt
      md5: cc275162a5904d78dfd151f482e272cb
      size: 302
    - path: runs/train/train_batch0.jpg
      md5: 11200d4922032f003a4a8c310455ff36
      size: 73664
    - path: runs/train/weights
      md5: 4efe64e4ee6d1462e90ac8724fde5e79.dir
      size: 29514358
      nfiles: 2
  test:
    cmd: python test.py
    deps:
    - path: test.py
      md5: b6189ddea1abd6f0f54deb24e15d9784
      size: 16903
    outs:
    - path: runs/test/F1_curve.png
      md5: 65f413bb09dfb881cf2b752b6cd75765
      size: 147008
    - path: runs/test/PR_curve.png
      md5: 06f13b031315bca51ff8489db66d73a3
      size: 61800
    - path: runs/test/P_curve.png
      md5: 8a6384aaceb50e5f04d904202a8c201b
      size: 141776
    - path: runs/test/R_curve.png
      md5: cd1ef09868f8bf3d47a93f4932fd79b0
      size: 87710
    - path: runs/test/confusion_matrix.png
      md5: d91a4fbf36c0c1aeffd91f7982483f9d
      size: 440365
    - path: runs/test/test_batch0_labels.jpg
      md5: c5389cf23e52a04d2b419ecaa134a521
      size: 166398
    - path: runs/test/test_batch0_pred.jpg
      md5: 47bc9a0e3694fa6beeb2445f7307455b
      size: 159463
  hubconf:
    cmd: python hubconf.py
    deps:
    - path: hubconf.py
      md5: b5c23686a385743956842a3e6a4e7755
      size: 5638
    outs:
    - path: runs/hub/bus.jpg
      md5: 2f590610fb637a416f949b148e7e8142
      size: 216448
    - path: runs/hub/image2.jpg
      md5: 6fb35cfbf8d832ce8299084fad4f9486
      size: 215878
    - path: runs/hub/image4.jpg
      md5: dbe0ce003e22ceb4b36c7c0199cdfd8e
      size: 3827
    - path: runs/hub/zidane.jpg
      md5: 9fe85a9f15900b2e1af0c9572bcf11a7
      size: 99681
